
Microsoft Visual Studio Solution File, Format Version 12.00
# Visual Studio Version 17
VisualStudioVersion = 17.4.33213.308
MinimumVisualStudioVersion = 10.0.40219.1
Project("{9A19103F-16F7-4668-BE54-9A1E7A4F7556}") = "Labs", "Clase1\Labs.csproj", "{F40CFC13-7DFB-49F7-B69C-A6DA25FA6385}"
EndProject
Project("{9A19103F-16F7-4668-BE54-9A1E7A4F7556}") = "Infrastructure.Shared", "Infrastructure.Shared\Infrastructure.Shared.csproj", "{A0CEC397-B3A6-47E7-96D4-7A70E6E70B7C}"
EndProject
Project("{9A19103F-16F7-4668-BE54-9A1E7A4F7556}") = "Lab.Models", "Lab.Models\Lab.Models.csproj", "{F90C0A01-A8AE-488A-8A0E-84E46D0D3103}"
EndProject
Project("{2150E333-8FDC-42A3-9474-1A3956D46DE8}") = "Projecto-1", "Projecto-1", "{BD62A89E-C312-4EC3-866C-AF60A734C9C2}"
EndProject
Project("{9A19103F-16F7-4668-BE54-9A1E7A4F7556}") = "Grupo0.CLI", "Grupo0.CLI\Grupo0.CLI.csproj", "{FDE9FF2B-8149-42C5-8EA8-E70651745257}"
EndProject
Project("{9A19103F-16F7-4668-BE54-9A1E7A4F7556}") = "Grupo004.CLI", "Grupo004.CLI\Grupo004.CLI.csproj", "{D54B3E2C-3D77-4968-AE8D-F46383B2C4B6}"
EndProject
Project("{9A19103F-16F7-4668-BE54-9A1E7A4F7556}") = "GrupoGamma.CLI", "GrupoGamma.CLI\GrupoGamma.CLI.csproj", "{F72CF52B-8448-4519-9EA1-461D5DA44FFE}"
EndProject
Project("{9A19103F-16F7-4668-BE54-9A1E7A4F7556}") = "Grupo02.CLI", "Grupo02.CLI\Grupo02.CLI.csproj", "{9CECA2F6-0714-4A92-9611-B771387F47E0}"
EndProject
Project("{9A19103F-16F7-4668-BE54-9A1E7A4F7556}") = "GrupoHolaMundo.CLI", "GrupoHolaMundo.CLI\GrupoHolaMundo.CLI.csproj", "{A903A8AA-F531-4806-B5DA-AEB69F3B5EC7}"
EndProject
Project("{9A19103F-16F7-4668-BE54-9A1E7A4F7556}") = "Grupo10.CLI", "Grupo10.CLI\Grupo10.CLI.csproj", "{4E2BD9A4-70E8-444D-A7E0-D8A7FDF8B70B}"
EndProject
Project("{2150E333-8FDC-42A3-9474-1A3956D46DE8}") = "Proyecto-2", "Proyecto-2", "{389C4FA4-06C7-42B3-B934-67F057B0D40B}"
EndProject
Project("{9A19103F-16F7-4668-BE54-9A1E7A4F7556}") = "Grupo0.API", "Grupo0.API\Grupo0.API.csproj", "{3231D9EF-372B-42E8-A9A3-5583FFA9C64D}"
EndProject
Project("{9A19103F-16F7-4668-BE54-9A1E7A4F7556}") = "Proyecto.Application", "Proyecto.Application\Proyecto.Application.csproj", "{32A51BCB-33DF-4373-950D-5221502C12B4}"
EndProject
Project("{9A19103F-16F7-4668-BE54-9A1E7A4F7556}") = "Grupo7.CLI", "Grupo7.CLI\Grupo7.CLI.csproj", "{398EC8C5-3FDA-40AC-BF17-B6B7D1E5F75B}"
EndProject
Project("{9A19103F-16F7-4668-BE54-9A1E7A4F7556}") = "Grupo5.CLI", "Grupo5.CLI\Grupo5.CLI.csproj", "{C4756020-3060-4557-A0A1-A0CAA12A4E09}"
EndProject
Project("{FAE04EC0-301F-11D3-BF4B-00C04F79EFBC}") = "Grupo5.API", "Grupo5.API\Grupo5.API.csproj", "{2C29C180-D85F-4BA2-9DD7-655ECDECD3CB}"
EndProject
Global
	GlobalSection(SolutionConfigurationPlatforms) = preSolution
		Debug|Any CPU = Debug|Any CPU
		Release|Any CPU = Release|Any CPU
	EndGlobalSection
	GlobalSection(ProjectConfigurationPlatforms) = postSolution
		{F40CFC13-7DFB-49F7-B69C-A6DA25FA6385}.Debug|Any CPU.ActiveCfg = Debug|Any CPU
		{F40CFC13-7DFB-49F7-B69C-A6DA25FA6385}.Debug|Any CPU.Build.0 = Debug|Any CPU
		{F40CFC13-7DFB-49F7-B69C-A6DA25FA6385}.Release|Any CPU.ActiveCfg = Release|Any CPU
		{F40CFC13-7DFB-49F7-B69C-A6DA25FA6385}.Release|Any CPU.Build.0 = Release|Any CPU
		{A0CEC397-B3A6-47E7-96D4-7A70E6E70B7C}.Debug|Any CPU.ActiveCfg = Debug|Any CPU
		{A0CEC397-B3A6-47E7-96D4-7A70E6E70B7C}.Debug|Any CPU.Build.0 = Debug|Any CPU
		{A0CEC397-B3A6-47E7-96D4-7A70E6E70B7C}.Release|Any CPU.ActiveCfg = Release|Any CPU
		{A0CEC397-B3A6-47E7-96D4-7A70E6E70B7C}.Release|Any CPU.Build.0 = Release|Any CPU
		{F90C0A01-A8AE-488A-8A0E-84E46D0D3103}.Debug|Any CPU.ActiveCfg = Debug|Any CPU
		{F90C0A01-A8AE-488A-8A0E-84E46D0D3103}.Debug|Any CPU.Build.0 = Debug|Any CPU
		{F90C0A01-A8AE-488A-8A0E-84E46D0D3103}.Release|Any CPU.ActiveCfg = Release|Any CPU
		{F90C0A01-A8AE-488A-8A0E-84E46D0D3103}.Release|Any CPU.Build.0 = Release|Any CPU
		{FDE9FF2B-8149-42C5-8EA8-E70651745257}.Debug|Any CPU.ActiveCfg = Debug|Any CPU
		{FDE9FF2B-8149-42C5-8EA8-E70651745257}.Debug|Any CPU.Build.0 = Debug|Any CPU
		{FDE9FF2B-8149-42C5-8EA8-E70651745257}.Release|Any CPU.ActiveCfg = Release|Any CPU
		{FDE9FF2B-8149-42C5-8EA8-E70651745257}.Release|Any CPU.Build.0 = Release|Any CPU
		{D54B3E2C-3D77-4968-AE8D-F46383B2C4B6}.Debug|Any CPU.ActiveCfg = Debug|Any CPU
		{D54B3E2C-3D77-4968-AE8D-F46383B2C4B6}.Debug|Any CPU.Build.0 = Debug|Any CPU
		{D54B3E2C-3D77-4968-AE8D-F46383B2C4B6}.Release|Any CPU.ActiveCfg = Release|Any CPU
		{D54B3E2C-3D77-4968-AE8D-F46383B2C4B6}.Release|Any CPU.Build.0 = Release|Any CPU
		{F72CF52B-8448-4519-9EA1-461D5DA44FFE}.Debug|Any CPU.ActiveCfg = Debug|Any CPU
		{F72CF52B-8448-4519-9EA1-461D5DA44FFE}.Debug|Any CPU.Build.0 = Debug|Any CPU
		{F72CF52B-8448-4519-9EA1-461D5DA44FFE}.Release|Any CPU.ActiveCfg = Release|Any CPU
		{F72CF52B-8448-4519-9EA1-461D5DA44FFE}.Release|Any CPU.Build.0 = Release|Any CPU
		{9CECA2F6-0714-4A92-9611-B771387F47E0}.Debug|Any CPU.ActiveCfg = Debug|Any CPU
		{9CECA2F6-0714-4A92-9611-B771387F47E0}.Debug|Any CPU.Build.0 = Debug|Any CPU
		{9CECA2F6-0714-4A92-9611-B771387F47E0}.Release|Any CPU.ActiveCfg = Release|Any CPU
		{9CECA2F6-0714-4A92-9611-B771387F47E0}.Release|Any CPU.Build.0 = Release|Any CPU
		{A903A8AA-F531-4806-B5DA-AEB69F3B5EC7}.Debug|Any CPU.ActiveCfg = Debug|Any CPU
		{A903A8AA-F531-4806-B5DA-AEB69F3B5EC7}.Debug|Any CPU.Build.0 = Debug|Any CPU
		{A903A8AA-F531-4806-B5DA-AEB69F3B5EC7}.Release|Any CPU.ActiveCfg = Release|Any CPU
		{A903A8AA-F531-4806-B5DA-AEB69F3B5EC7}.Release|Any CPU.Build.0 = Release|Any CPU
		{4E2BD9A4-70E8-444D-A7E0-D8A7FDF8B70B}.Debug|Any CPU.ActiveCfg = Debug|Any CPU
		{4E2BD9A4-70E8-444D-A7E0-D8A7FDF8B70B}.Debug|Any CPU.Build.0 = Debug|Any CPU
		{4E2BD9A4-70E8-444D-A7E0-D8A7FDF8B70B}.Release|Any CPU.ActiveCfg = Release|Any CPU
		{4E2BD9A4-70E8-444D-A7E0-D8A7FDF8B70B}.Release|Any CPU.Build.0 = Release|Any CPU
		{3231D9EF-372B-42E8-A9A3-5583FFA9C64D}.Debug|Any CPU.ActiveCfg = Debug|Any CPU
		{3231D9EF-372B-42E8-A9A3-5583FFA9C64D}.Debug|Any CPU.Build.0 = Debug|Any CPU
		{3231D9EF-372B-42E8-A9A3-5583FFA9C64D}.Release|Any CPU.ActiveCfg = Release|Any CPU
		{3231D9EF-372B-42E8-A9A3-5583FFA9C64D}.Release|Any CPU.Build.0 = Release|Any CPU
		{32A51BCB-33DF-4373-950D-5221502C12B4}.Debug|Any CPU.ActiveCfg = Debug|Any CPU
		{32A51BCB-33DF-4373-950D-5221502C12B4}.Debug|Any CPU.Build.0 = Debug|Any CPU
		{32A51BCB-33DF-4373-950D-5221502C12B4}.Release|Any CPU.ActiveCfg = Release|Any CPU
		{32A51BCB-33DF-4373-950D-5221502C12B4}.Release|Any CPU.Build.0 = Release|Any CPU
		{398EC8C5-3FDA-40AC-BF17-B6B7D1E5F75B}.Debug|Any CPU.ActiveCfg = Debug|Any CPU
		{398EC8C5-3FDA-40AC-BF17-B6B7D1E5F75B}.Debug|Any CPU.Build.0 = Debug|Any CPU
		{398EC8C5-3FDA-40AC-BF17-B6B7D1E5F75B}.Release|Any CPU.ActiveCfg = Release|Any CPU
		{398EC8C5-3FDA-40AC-BF17-B6B7D1E5F75B}.Release|Any CPU.Build.0 = Release|Any CPU
		{C4756020-3060-4557-A0A1-A0CAA12A4E09}.Debug|Any CPU.ActiveCfg = Debug|Any CPU
		{C4756020-3060-4557-A0A1-A0CAA12A4E09}.Debug|Any CPU.Build.0 = Debug|Any CPU
		{C4756020-3060-4557-A0A1-A0CAA12A4E09}.Release|Any CPU.ActiveCfg = Release|Any CPU
		{C4756020-3060-4557-A0A1-A0CAA12A4E09}.Release|Any CPU.Build.0 = Release|Any CPU
		{2C29C180-D85F-4BA2-9DD7-655ECDECD3CB}.Debug|Any CPU.ActiveCfg = Debug|Any CPU
		{2C29C180-D85F-4BA2-9DD7-655ECDECD3CB}.Debug|Any CPU.Build.0 = Debug|Any CPU
		{2C29C180-D85F-4BA2-9DD7-655ECDECD3CB}.Release|Any CPU.ActiveCfg = Release|Any CPU
		{2C29C180-D85F-4BA2-9DD7-655ECDECD3CB}.Release|Any CPU.Build.0 = Release|Any CPU
	EndGlobalSection
	GlobalSection(SolutionProperties) = preSolution
		HideSolutionNode = FALSE
	EndGlobalSection
	GlobalSection(NestedProjects) = preSolution
		{FDE9FF2B-8149-42C5-8EA8-E70651745257} = {BD62A89E-C312-4EC3-866C-AF60A734C9C2}
		{D54B3E2C-3D77-4968-AE8D-F46383B2C4B6} = {BD62A89E-C312-4EC3-866C-AF60A734C9C2}
		{F72CF52B-8448-4519-9EA1-461D5DA44FFE} = {BD62A89E-C312-4EC3-866C-AF60A734C9C2}
		{9CECA2F6-0714-4A92-9611-B771387F47E0} = {BD62A89E-C312-4EC3-866C-AF60A734C9C2}
		{A903A8AA-F531-4806-B5DA-AEB69F3B5EC7} = {BD62A89E-C312-4EC3-866C-AF60A734C9C2}
		{4E2BD9A4-70E8-444D-A7E0-D8A7FDF8B70B} = {BD62A89E-C312-4EC3-866C-AF60A734C9C2}
		{3231D9EF-372B-42E8-A9A3-5583FFA9C64D} = {389C4FA4-06C7-42B3-B934-67F057B0D40B}
		{398EC8C5-3FDA-40AC-BF17-B6B7D1E5F75B} = {BD62A89E-C312-4EC3-866C-AF60A734C9C2}
		{C4756020-3060-4557-A0A1-A0CAA12A4E09} = {BD62A89E-C312-4EC3-866C-AF60A734C9C2}
		{2C29C180-D85F-4BA2-9DD7-655ECDECD3CB} = {389C4FA4-06C7-42B3-B934-67F057B0D40B}
	EndGlobalSection
	GlobalSection(ExtensibilityGlobals) = postSolution
		SolutionGuid = {4E1AAEDC-9F71-4C25-AE94-6E2529F9AFF6}
	EndGlobalSection
EndGlobal
